
Microsoft Visual Studio Solution File, Format Version 12.00
# Visual Studio Version 18
VisualStudioVersion = 18.6.11822.322
MinimumVisualStudioVersion = 10.0.40219.1
Project("{FAE04EC0-301F-11D3-BF4B-00C04F79EFBC}") = "AppSupportPortal.Web", "AppSupportPortal.Web\AppSupportPortal.Web.csproj", "{7B718449-A2EA-1402-74CF-A6B2D7F85DA2}"
EndProject
Project("{FAE04EC0-301F-11D3-BF4B-00C04F79EFBC}") = "SeDevOps.Api", "SeDevOps.Api\SeDevOps.Api.csproj", "{2DC9B307-FADB-A249-8A72-2124DA6F1AFA}"
EndProject
Project("{FAE04EC0-301F-11D3-BF4B-00C04F79EFBC}") = "SeDevOps.Data", "SeDevOps.Data\SeDevOps.Data.csproj", "{D02BD6F1-9C5B-8699-6B33-90D39B4BD2F9}"
EndProject
Project("{2150E333-8FDC-42A3-9474-1A3956D46DE8}") = "Solution Items", "Solution Items", "{DBB39976-1449-49D3-8C3E-5CBA4CA3C7E1}"
	ProjectSection(SolutionItems) = preProject
		render.yaml = render.yaml
	EndProjectSection
EndProject
Project("{2150E333-8FDC-42A3-9474-1A3956D46DE8}") = "DotNetDetector", "DotNetDetector", "{F5A7D839-EFED-47BF-AB11-4994A6D7C232}"
EndProject
Global
	GlobalSection(SolutionConfigurationPlatforms) = preSolution
		Debug|Any CPU = Debug|Any CPU
		Release|Any CPU = Release|Any CPU
	EndGlobalSection
	GlobalSection(ProjectConfigurationPlatforms) = postSolution
		{7B718449-A2EA-1402-74CF-A6B2D7F85DA2}.Debug|Any CPU.ActiveCfg = Debug|Any CPU
		{7B718449-A2EA-1402-74CF-A6B2D7F85DA2}.Debug|Any CPU.Build.0 = Debug|Any CPU
		{7B718449-A2EA-1402-74CF-A6B2D7F85DA2}.Release|Any CPU.ActiveCfg = Release|Any CPU
		{7B718449-A2EA-1402-74CF-A6B2D7F85DA2}.Release|Any CPU.Build.0 = Release|Any CPU
		{2DC9B307-FADB-A249-8A72-2124DA6F1AFA}.Debug|Any CPU.ActiveCfg = Debug|Any CPU
		{2DC9B307-FADB-A249-8A72-2124DA6F1AFA}.Debug|Any CPU.Build.0 = Debug|Any CPU
		{2DC9B307-FADB-A249-8A72-2124DA6F1AFA}.Release|Any CPU.ActiveCfg = Release|Any CPU
		{2DC9B307-FADB-A249-8A72-2124DA6F1AFA}.Release|Any CPU.Build.0 = Release|Any CPU
		{D02BD6F1-9C5B-8699-6B33-90D39B4BD2F9}.Debug|Any CPU.ActiveCfg = Debug|Any CPU
		{D02BD6F1-9C5B-8699-6B33-90D39B4BD2F9}.Debug|Any CPU.Build.0 = Debug|Any CPU
		{D02BD6F1-9C5B-8699-6B33-90D39B4BD2F9}.Release|Any CPU.ActiveCfg = Release|Any CPU
		{D02BD6F1-9C5B-8699-6B33-90D39B4BD2F9}.Release|Any CPU.Build.0 = Release|Any CPU
	EndGlobalSection
	GlobalSection(SolutionProperties) = preSolution
		HideSolutionNode = FALSE
	EndGlobalSection
	GlobalSection(ExtensibilityGlobals) = postSolution
		SolutionGuid = {D183B4BC-224C-4517-894D-6887F731B66D}
	EndGlobalSection
EndGlobal
